
Microsoft Visual Studio Solution File, Format Version 12.00
# Visual Studio Version 17
VisualStudioVersion = 17.2.32526.322
MinimumVisualStudioVersion = 10.0.40219.1
Project("{FAE04EC0-301F-11D3-BF4B-00C04F79EFBC}") = "TestGardenUniversity", "TestGardenUniversity\TestGardenUniversity.csproj", "{1069E457-472B-452E-8588-6A93DBD702BF}"
EndProject
Global
	GlobalSection(SolutionConfigurationPlatforms) = preSolution
		Debug|Any CPU = Debug|Any CPU
		Release|Any CPU = Release|Any CPU
	EndGlobalSection
	GlobalSection(ProjectConfigurationPlatforms) = postSolution
		{1069E457-472B-452E-8588-6A93DBD702BF}.Debug|Any CPU.ActiveCfg = Debug|Any CPU
		{1069E457-472B-452E-8588-6A93DBD702BF}.Debug|Any CPU.Build.0 = Debug|Any CPU
		{1069E457-472B-452E-8588-6A93DBD702BF}.Release|Any CPU.ActiveCfg = Release|Any CPU
		{1069E457-472B-452E-8588-6A93DBD702BF}.Release|Any CPU.Build.0 = Release|Any CPU
	EndGlobalSection
	GlobalSection(SolutionProperties) = preSolution
		HideSolutionNode = FALSE
	EndGlobalSection
	GlobalSection(ExtensibilityGlobals) = postSolution
		SolutionGuid = {F18F4D4E-7995-448E-A718-E46BD1F001EB}
	EndGlobalSection
EndGlobal
